
Microsoft Visual Studio Solution File, Format Version 12.00
# Visual Studio Express 2012 for Windows Phone
Project("{FAE04EC0-301F-11D3-BF4B-00C04F79EFBC}") = "OwnCloud", "OwnCloud\OwnCloud.csproj", "{94974BF1-3670-4363-BE9B-D5AED90BF10F}"
EndProject
Global
	GlobalSection(SolutionConfigurationPlatforms) = preSolution
		Debug|Any CPU = Debug|Any CPU
		Release|Any CPU = Release|Any CPU
	EndGlobalSection
	GlobalSection(ProjectConfigurationPlatforms) = postSolution
		{94974BF1-3670-4363-BE9B-D5AED90BF10F}.Debug|Any CPU.ActiveCfg = Debug|Any CPU
		{94974BF1-3670-4363-BE9B-D5AED90BF10F}.Debug|Any CPU.Build.0 = Debug|Any CPU
		{94974BF1-3670-4363-BE9B-D5AED90BF10F}.Debug|Any CPU.Deploy.0 = Debug|Any CPU
		{94974BF1-3670-4363-BE9B-D5AED90BF10F}.Release|Any CPU.ActiveCfg = Release|Any CPU
		{94974BF1-3670-4363-BE9B-D5AED90BF10F}.Release|Any CPU.Build.0 = Release|Any CPU
		{94974BF1-3670-4363-BE9B-D5AED90BF10F}.Release|Any CPU.Deploy.0 = Release|Any CPU
	EndGlobalSection
	GlobalSection(SolutionProperties) = preSolution
		HideSolutionNode = FALSE
	EndGlobalSection
EndGlobal
